
Microsoft Visual Studio Solution File, Format Version 12.00
# Visual Studio 15
VisualStudioVersion = 15.0.26124.0
MinimumVisualStudioVersion = 15.0.26124.0
Project("{FAE04EC0-301F-11D3-BF4B-00C04F79EFBC}") = "PaymentContext.Domain", "PaymentContext.Domain\PaymentContext.Domain.csproj", "{E3A43ABF-247B-4CFF-94CF-C6586DDD1D1D}"
EndProject
Project("{FAE04EC0-301F-11D3-BF4B-00C04F79EFBC}") = "PaymentContext.Shared", "PaymentContext.Shared\PaymentContext.Shared.csproj", "{BCC3F819-7BB0-44D4-B82A-A30629903E7F}"
EndProject
Project("{FAE04EC0-301F-11D3-BF4B-00C04F79EFBC}") = "PaymentContext.Tests", "PaymentContext.Tests\PaymentContext.Tests.csproj", "{D4CAB1E4-1203-45BF-AD07-217B78D676A5}"
EndProject
Global
	GlobalSection(SolutionConfigurationPlatforms) = preSolution
		Debug|Any CPU = Debug|Any CPU
		Debug|x64 = Debug|x64
		Debug|x86 = Debug|x86
		Release|Any CPU = Release|Any CPU
		Release|x64 = Release|x64
		Release|x86 = Release|x86
	EndGlobalSection
	GlobalSection(SolutionProperties) = preSolution
		HideSolutionNode = FALSE
	EndGlobalSection
	GlobalSection(ProjectConfigurationPlatforms) = postSolution
		{E3A43ABF-247B-4CFF-94CF-C6586DDD1D1D}.Debug|Any CPU.ActiveCfg = Debug|Any CPU
		{E3A43ABF-247B-4CFF-94CF-C6586DDD1D1D}.Debug|Any CPU.Build.0 = Debug|Any CPU
		{E3A43ABF-247B-4CFF-94CF-C6586DDD1D1D}.Debug|x64.ActiveCfg = Debug|Any CPU
		{E3A43ABF-247B-4CFF-94CF-C6586DDD1D1D}.Debug|x64.Build.0 = Debug|Any CPU
		{E3A43ABF-247B-4CFF-94CF-C6586DDD1D1D}.Debug|x86.ActiveCfg = Debug|Any CPU
		{E3A43ABF-247B-4CFF-94CF-C6586DDD1D1D}.Debug|x86.Build.0 = Debug|Any CPU
		{E3A43ABF-247B-4CFF-94CF-C6586DDD1D1D}.Release|Any CPU.ActiveCfg = Release|Any CPU
		{E3A43ABF-247B-4CFF-94CF-C6586DDD1D1D}.Release|Any CPU.Build.0 = Release|Any CPU
		{E3A43ABF-247B-4CFF-94CF-C6586DDD1D1D}.Release|x64.ActiveCfg = Release|Any CPU
		{E3A43ABF-247B-4CFF-94CF-C6586DDD1D1D}.Release|x64.Build.0 = Release|Any CPU
		{E3A43ABF-247B-4CFF-94CF-C6586DDD1D1D}.Release|x86.ActiveCfg = Release|Any CPU
		{E3A43ABF-247B-4CFF-94CF-C6586DDD1D1D}.Release|x86.Build.0 = Release|Any CPU
		{BCC3F819-7BB0-44D4-B82A-A30629903E7F}.Debug|Any CPU.ActiveCfg = Debug|Any CPU
		{BCC3F819-7BB0-44D4-B82A-A30629903E7F}.Debug|Any CPU.Build.0 = Debug|Any CPU
		{BCC3F819-7BB0-44D4-B82A-A30629903E7F}.Debug|x64.ActiveCfg = Debug|Any CPU
		{BCC3F819-7BB0-44D4-B82A-A30629903E7F}.Debug|x64.Build.0 = Debug|Any CPU
		{BCC3F819-7BB0-44D4-B82A-A30629903E7F}.Debug|x86.ActiveCfg = Debug|Any CPU
		{BCC3F819-7BB0-44D4-B82A-A30629903E7F}.Debug|x86.Build.0 = Debug|Any CPU
		{BCC3F819-7BB0-44D4-B82A-A30629903E7F}.Release|Any CPU.ActiveCfg = Release|Any CPU
		{BCC3F819-7BB0-44D4-B82A-A30629903E7F}.Release|Any CPU.Build.0 = Release|Any CPU
		{BCC3F819-7BB0-44D4-B82A-A30629903E7F}.Release|x64.ActiveCfg = Release|Any CPU
		{BCC3F819-7BB0-44D4-B82A-A30629903E7F}.Release|x64.Build.0 = Release|Any CPU
		{BCC3F819-7BB0-44D4-B82A-A30629903E7F}.Release|x86.ActiveCfg = Release|Any CPU
		{BCC3F819-7BB0-44D4-B82A-A30629903E7F}.Release|x86.Build.0 = Release|Any CPU
		{D4CAB1E4-1203-45BF-AD07-217B78D676A5}.Debug|Any CPU.ActiveCfg = Debug|Any CPU
		{D4CAB1E4-1203-45BF-AD07-217B78D676A5}.Debug|Any CPU.Build.0 = Debug|Any CPU
		{D4CAB1E4-1203-45BF-AD07-217B78D676A5}.Debug|x64.ActiveCfg = Debug|Any CPU
		{D4CAB1E4-1203-45BF-AD07-217B78D676A5}.Debug|x64.Build.0 = Debug|Any CPU
		{D4CAB1E4-1203-45BF-AD07-217B78D676A5}.Debug|x86.ActiveCfg = Debug|Any CPU
		{D4CAB1E4-1203-45BF-AD07-217B78D676A5}.Debug|x86.Build.0 = Debug|Any CPU
		{D4CAB1E4-1203-45BF-AD07-217B78D676A5}.Release|Any CPU.ActiveCfg = Release|Any CPU
		{D4CAB1E4-1203-45BF-AD07-217B78D676A5}.Release|Any CPU.Build.0 = Release|Any CPU
		{D4CAB1E4-1203-45BF-AD07-217B78D676A5}.Release|x64.ActiveCfg = Release|Any CPU
		{D4CAB1E4-1203-45BF-AD07-217B78D676A5}.Release|x64.Build.0 = Release|Any CPU
		{D4CAB1E4-1203-45BF-AD07-217B78D676A5}.Release|x86.ActiveCfg = Release|Any CPU
		{D4CAB1E4-1203-45BF-AD07-217B78D676A5}.Release|x86.Build.0 = Release|Any CPU
	EndGlobalSection
EndGlobal
